
Microsoft Visual Studio Solution File, Format Version 12.00
# Visual Studio Version 16
Project("{8BC9CEB8-8B4A-11D0-8D11-00A0C91BC942}") = "ALL_BUILD", "ALL_BUILD.vcxproj", "{2F91921B-39F2-3519-8403-C0DCC9463AE8}"
	ProjectSection(ProjectDependencies) = postProject
		{FC93533B-614E-33F1-8A30-1F18CEABA2D3} = {FC93533B-614E-33F1-8A30-1F18CEABA2D3}
		{70EA27B0-A679-387B-9CA7-38F6A97E702A} = {70EA27B0-A679-387B-9CA7-38F6A97E702A}
	EndProjectSection
EndProject
Project("{8BC9CEB8-8B4A-11D0-8D11-00A0C91BC942}") = "ZERO_CHECK", "ZERO_CHECK.vcxproj", "{FC93533B-614E-33F1-8A30-1F18CEABA2D3}"
	ProjectSection(ProjectDependencies) = postProject
	EndProjectSection
EndProject
Project("{8BC9CEB8-8B4A-11D0-8D11-00A0C91BC942}") = "neon_test", "neon_test.vcxproj", "{70EA27B0-A679-387B-9CA7-38F6A97E702A}"
	ProjectSection(ProjectDependencies) = postProject
		{FC93533B-614E-33F1-8A30-1F18CEABA2D3} = {FC93533B-614E-33F1-8A30-1F18CEABA2D3}
	EndProjectSection
EndProject
Global
	GlobalSection(SolutionConfigurationPlatforms) = preSolution
		Debug|x64 = Debug|x64
		Release|x64 = Release|x64
		MinSizeRel|x64 = MinSizeRel|x64
		RelWithDebInfo|x64 = RelWithDebInfo|x64
	EndGlobalSection
	GlobalSection(ProjectConfigurationPlatforms) = postSolution
		{2F91921B-39F2-3519-8403-C0DCC9463AE8}.Debug|x64.ActiveCfg = Debug|x64
		{2F91921B-39F2-3519-8403-C0DCC9463AE8}.Release|x64.ActiveCfg = Release|x64
		{2F91921B-39F2-3519-8403-C0DCC9463AE8}.MinSizeRel|x64.ActiveCfg = MinSizeRel|x64
		{2F91921B-39F2-3519-8403-C0DCC9463AE8}.RelWithDebInfo|x64.ActiveCfg = RelWithDebInfo|x64
		{FC93533B-614E-33F1-8A30-1F18CEABA2D3}.Debug|x64.ActiveCfg = Debug|x64
		{FC93533B-614E-33F1-8A30-1F18CEABA2D3}.Debug|x64.Build.0 = Debug|x64
		{FC93533B-614E-33F1-8A30-1F18CEABA2D3}.Release|x64.ActiveCfg = Release|x64
		{FC93533B-614E-33F1-8A30-1F18CEABA2D3}.Release|x64.Build.0 = Release|x64
		{FC93533B-614E-33F1-8A30-1F18CEABA2D3}.MinSizeRel|x64.ActiveCfg = MinSizeRel|x64
		{FC93533B-614E-33F1-8A30-1F18CEABA2D3}.MinSizeRel|x64.Build.0 = MinSizeRel|x64
		{FC93533B-614E-33F1-8A30-1F18CEABA2D3}.RelWithDebInfo|x64.ActiveCfg = RelWithDebInfo|x64
		{FC93533B-614E-33F1-8A30-1F18CEABA2D3}.RelWithDebInfo|x64.Build.0 = RelWithDebInfo|x64
		{70EA27B0-A679-387B-9CA7-38F6A97E702A}.Debug|x64.ActiveCfg = Debug|x64
		{70EA27B0-A679-387B-9CA7-38F6A97E702A}.Debug|x64.Build.0 = Debug|x64
		{70EA27B0-A679-387B-9CA7-38F6A97E702A}.Release|x64.ActiveCfg = Release|x64
		{70EA27B0-A679-387B-9CA7-38F6A97E702A}.Release|x64.Build.0 = Release|x64
		{70EA27B0-A679-387B-9CA7-38F6A97E702A}.MinSizeRel|x64.ActiveCfg = MinSizeRel|x64
		{70EA27B0-A679-387B-9CA7-38F6A97E702A}.MinSizeRel|x64.Build.0 = MinSizeRel|x64
		{70EA27B0-A679-387B-9CA7-38F6A97E702A}.RelWithDebInfo|x64.ActiveCfg = RelWithDebInfo|x64
		{70EA27B0-A679-387B-9CA7-38F6A97E702A}.RelWithDebInfo|x64.Build.0 = RelWithDebInfo|x64
	EndGlobalSection
	GlobalSection(ExtensibilityGlobals) = postSolution
		SolutionGuid = {7EE46AF4-5F96-34CD-BC28-25D5021BEF33}
	EndGlobalSection
	GlobalSection(ExtensibilityAddIns) = postSolution
	EndGlobalSection
EndGlobal
