<?xml version="1.0" encoding="utf-8"?>
<Project ToolsVersion="16.0" xmlns="http://schemas.microsoft.com/developer/msbuild/2003">
  <ItemGroup>
    <ClCompile Include="C:\Users\Griffin\dlib\dlib\cmake_utils\test_for_neon\neon_test.cpp">
      <Filter>Source Files</Filter>
    </ClCompile>
  </ItemGroup>
  <ItemGroup>
    <CustomBuild Include="C:\Users\Griffin\dlib\dlib\cmake_utils\test_for_neon\CMakeLists.txt" />
  </ItemGroup>
  <ItemGroup>
    <Filter Include="Source Files">
      <UniqueIdentifier>{CEB63583-6BDA-383C-9011-C28638308B27}</UniqueIdentifier>
    </Filter>
  </ItemGroup>
</Project>
